
Microsoft Visual Studio Solution File, Format Version 12.00
# Visual Studio Version 17
VisualStudioVersion = 17.4.33122.133
MinimumVisualStudioVersion = 10.0.40219.1
Project("{FAE04EC0-301F-11D3-BF4B-00C04F79EFBC}") = "hospital", "hospital\hospital.csproj", "{013E72CA-8668-4DFF-9ECD-0682D5E3AD92}"
EndProject
Global
	GlobalSection(SolutionConfigurationPlatforms) = preSolution
		Debug|Any CPU = Debug|Any CPU
		Release|Any CPU = Release|Any CPU
	EndGlobalSection
	GlobalSection(ProjectConfigurationPlatforms) = postSolution
		{013E72CA-8668-4DFF-9ECD-0682D5E3AD92}.Debug|Any CPU.ActiveCfg = Debug|Any CPU
		{013E72CA-8668-4DFF-9ECD-0682D5E3AD92}.Debug|Any CPU.Build.0 = Debug|Any CPU
		{013E72CA-8668-4DFF-9ECD-0682D5E3AD92}.Release|Any CPU.ActiveCfg = Release|Any CPU
		{013E72CA-8668-4DFF-9ECD-0682D5E3AD92}.Release|Any CPU.Build.0 = Release|Any CPU
	EndGlobalSection
	GlobalSection(SolutionProperties) = preSolution
		HideSolutionNode = FALSE
	EndGlobalSection
	GlobalSection(ExtensibilityGlobals) = postSolution
		SolutionGuid = {9C846D27-9891-4979-B717-BC5B1AC1D5F8}
	EndGlobalSection
EndGlobal
